
Microsoft Visual Studio Solution File, Format Version 12.00
# Visual Studio Version 17
VisualStudioVersion = 17.3.32922.545
MinimumVisualStudioVersion = 10.0.40219.1
Project("{9A19103F-16F7-4668-BE54-9A1E7A4F7556}") = "ProgrammingForum_ASPNETCore", "ProgrammingForum_ASPNETCore\ProgrammingForum_ASPNETCore.csproj", "{B1B882FC-DD57-4A79-B0D0-BECA263E22EE}"
EndProject
Project("{9A19103F-16F7-4668-BE54-9A1E7A4F7556}") = "DAL", "DAL\DAL.csproj", "{D2DB5D71-7192-4F5D-898A-AE7EBAFCCD94}"
EndProject
Project("{9A19103F-16F7-4668-BE54-9A1E7A4F7556}") = "BLL", "BLL\BLL.csproj", "{8E9C7D63-A574-4F08-8C94-440662C01C8E}"
EndProject
Project("{9A19103F-16F7-4668-BE54-9A1E7A4F7556}") = "ProgrammingForum_WebAPI", "ProgrammingForum_WebAPI\ProgrammingForum_WebAPI.csproj", "{4787753F-E2D1-4559-9B81-5F20094D4137}"
EndProject
Global
	GlobalSection(SolutionConfigurationPlatforms) = preSolution
		Debug|Any CPU = Debug|Any CPU
		Release|Any CPU = Release|Any CPU
	EndGlobalSection
	GlobalSection(ProjectConfigurationPlatforms) = postSolution
		{B1B882FC-DD57-4A79-B0D0-BECA263E22EE}.Debug|Any CPU.ActiveCfg = Debug|Any CPU
		{B1B882FC-DD57-4A79-B0D0-BECA263E22EE}.Debug|Any CPU.Build.0 = Debug|Any CPU
		{B1B882FC-DD57-4A79-B0D0-BECA263E22EE}.Release|Any CPU.ActiveCfg = Release|Any CPU
		{B1B882FC-DD57-4A79-B0D0-BECA263E22EE}.Release|Any CPU.Build.0 = Release|Any CPU
		{D2DB5D71-7192-4F5D-898A-AE7EBAFCCD94}.Debug|Any CPU.ActiveCfg = Debug|Any CPU
		{D2DB5D71-7192-4F5D-898A-AE7EBAFCCD94}.Debug|Any CPU.Build.0 = Debug|Any CPU
		{D2DB5D71-7192-4F5D-898A-AE7EBAFCCD94}.Release|Any CPU.ActiveCfg = Release|Any CPU
		{D2DB5D71-7192-4F5D-898A-AE7EBAFCCD94}.Release|Any CPU.Build.0 = Release|Any CPU
		{8E9C7D63-A574-4F08-8C94-440662C01C8E}.Debug|Any CPU.ActiveCfg = Debug|Any CPU
		{8E9C7D63-A574-4F08-8C94-440662C01C8E}.Debug|Any CPU.Build.0 = Debug|Any CPU
		{8E9C7D63-A574-4F08-8C94-440662C01C8E}.Release|Any CPU.ActiveCfg = Release|Any CPU
		{8E9C7D63-A574-4F08-8C94-440662C01C8E}.Release|Any CPU.Build.0 = Release|Any CPU
		{4787753F-E2D1-4559-9B81-5F20094D4137}.Debug|Any CPU.ActiveCfg = Debug|Any CPU
		{4787753F-E2D1-4559-9B81-5F20094D4137}.Debug|Any CPU.Build.0 = Debug|Any CPU
		{4787753F-E2D1-4559-9B81-5F20094D4137}.Release|Any CPU.ActiveCfg = Release|Any CPU
		{4787753F-E2D1-4559-9B81-5F20094D4137}.Release|Any CPU.Build.0 = Release|Any CPU
	EndGlobalSection
	GlobalSection(SolutionProperties) = preSolution
		HideSolutionNode = FALSE
	EndGlobalSection
	GlobalSection(ExtensibilityGlobals) = postSolution
		SolutionGuid = {6AC23AD2-48A8-4F87-9567-8D816744F148}
	EndGlobalSection
EndGlobal
